
Microsoft Visual Studio Solution File, Format Version 12.00
# Visual Studio Version 17
VisualStudioVersion = 17.10.35013.160
MinimumVisualStudioVersion = 10.0.40219.1
Project("{9A19103F-16F7-4668-BE54-9A1E7A4F7556}") = "Homework1", "Homework1\Homework1.csproj", "{8E4FB2AC-87FC-4D67-B6FD-2604F953702D}"
EndProject
Project("{9A19103F-16F7-4668-BE54-9A1E7A4F7556}") = "Homework2", "Homework2\Homework2.csproj", "{7A7BF1E9-214B-4D76-947D-4485A91231F9}"
EndProject
Project("{9A19103F-16F7-4668-BE54-9A1E7A4F7556}") = "Homework3", "Homework3\Homework3.csproj", "{1CE8293C-1E04-4DCE-992D-624B40AAEE12}"
EndProject
Project("{9A19103F-16F7-4668-BE54-9A1E7A4F7556}") = "Homework4", "Homework4\Homework4.csproj", "{699A0C84-1E2C-4F5D-9FC1-0F0ADA4A7039}"
EndProject
Project("{9A19103F-16F7-4668-BE54-9A1E7A4F7556}") = "Homework5", "Homework5\Homework5.csproj", "{51C3BD63-327F-4E2D-9032-0C6DFE13A816}"
EndProject
Project("{9A19103F-16F7-4668-BE54-9A1E7A4F7556}") = "MyHomeworkToolkit", "MyHomeworkToolkit\MyHomeworkToolkit.csproj", "{03B8664B-6604-47ED-B889-6B1DB9F0061E}"
EndProject
Project("{9A19103F-16F7-4668-BE54-9A1E7A4F7556}") = "Homework6-1", "Homework6\Homework6-1.csproj", "{5ED59F1C-7383-41A4-84F1-A0530E5B0B63}"
EndProject
Project("{9A19103F-16F7-4668-BE54-9A1E7A4F7556}") = "Homework7-1", "Homework7\Homework7-1.csproj", "{C62462B4-AE5D-4ABD-9DB6-6C4AFE9628E2}"
EndProject
Project("{9A19103F-16F7-4668-BE54-9A1E7A4F7556}") = "Homework6-2", "Homework6-1\Homework6-2.csproj", "{AA995B16-4134-4893-BDDE-8EA05F6AC80E}"
EndProject
Project("{9A19103F-16F7-4668-BE54-9A1E7A4F7556}") = "Homework7-2", "Homework7-2\Homework7-2.csproj", "{A9C41C94-CF20-40A6-B66A-577DFE6C819D}"
EndProject
Project("{9A19103F-16F7-4668-BE54-9A1E7A4F7556}") = "Homework8-1", "Homework8-1\Homework8-1.csproj", "{02F2264F-B3DF-47CC-B386-0B78D1B9122B}"
EndProject
Project("{9A19103F-16F7-4668-BE54-9A1E7A4F7556}") = "Homework8-2", "Homework8-2\Homework8-2.csproj", "{60769792-0C4E-4E36-A4F3-219548DE5E50}"
EndProject
Project("{9A19103F-16F7-4668-BE54-9A1E7A4F7556}") = "Homework8-3", "Homework8-3\Homework8-3.csproj", "{0986D8A0-98C3-4FE0-A68B-8EE6DFE1F703}"
EndProject
Project("{9A19103F-16F7-4668-BE54-9A1E7A4F7556}") = "Homework8-4a", "Homework8-4a\Homework8-4a.csproj", "{75BD7F35-04DE-4126-9B7E-B51EEEC21784}"
EndProject
Project("{9A19103F-16F7-4668-BE54-9A1E7A4F7556}") = "Homework9-1", "Homework9-1\Homework9-1.csproj", "{2CF9F4BC-7B10-4BD8-A811-EEE8692B3429}"
EndProject
Project("{FAE04EC0-301F-11D3-BF4B-00C04F79EFBC}") = "Homework9-2", "Homework9-2\Homework9-2.csproj", "{AD0BE203-4FEB-480D-AE6B-6D40ABEF06FF}"
EndProject
Global
	GlobalSection(SolutionConfigurationPlatforms) = preSolution
		Debug|Any CPU = Debug|Any CPU
		Release|Any CPU = Release|Any CPU
	EndGlobalSection
	GlobalSection(ProjectConfigurationPlatforms) = postSolution
		{8E4FB2AC-87FC-4D67-B6FD-2604F953702D}.Debug|Any CPU.ActiveCfg = Debug|Any CPU
		{8E4FB2AC-87FC-4D67-B6FD-2604F953702D}.Debug|Any CPU.Build.0 = Debug|Any CPU
		{8E4FB2AC-87FC-4D67-B6FD-2604F953702D}.Release|Any CPU.ActiveCfg = Release|Any CPU
		{8E4FB2AC-87FC-4D67-B6FD-2604F953702D}.Release|Any CPU.Build.0 = Release|Any CPU
		{7A7BF1E9-214B-4D76-947D-4485A91231F9}.Debug|Any CPU.ActiveCfg = Debug|Any CPU
		{7A7BF1E9-214B-4D76-947D-4485A91231F9}.Debug|Any CPU.Build.0 = Debug|Any CPU
		{7A7BF1E9-214B-4D76-947D-4485A91231F9}.Release|Any CPU.ActiveCfg = Release|Any CPU
		{7A7BF1E9-214B-4D76-947D-4485A91231F9}.Release|Any CPU.Build.0 = Release|Any CPU
		{1CE8293C-1E04-4DCE-992D-624B40AAEE12}.Debug|Any CPU.ActiveCfg = Debug|Any CPU
		{1CE8293C-1E04-4DCE-992D-624B40AAEE12}.Debug|Any CPU.Build.0 = Debug|Any CPU
		{1CE8293C-1E04-4DCE-992D-624B40AAEE12}.Release|Any CPU.ActiveCfg = Release|Any CPU
		{1CE8293C-1E04-4DCE-992D-624B40AAEE12}.Release|Any CPU.Build.0 = Release|Any CPU
		{699A0C84-1E2C-4F5D-9FC1-0F0ADA4A7039}.Debug|Any CPU.ActiveCfg = Debug|Any CPU
		{699A0C84-1E2C-4F5D-9FC1-0F0ADA4A7039}.Debug|Any CPU.Build.0 = Debug|Any CPU
		{699A0C84-1E2C-4F5D-9FC1-0F0ADA4A7039}.Release|Any CPU.ActiveCfg = Release|Any CPU
		{699A0C84-1E2C-4F5D-9FC1-0F0ADA4A7039}.Release|Any CPU.Build.0 = Release|Any CPU
		{51C3BD63-327F-4E2D-9032-0C6DFE13A816}.Debug|Any CPU.ActiveCfg = Debug|Any CPU
		{51C3BD63-327F-4E2D-9032-0C6DFE13A816}.Debug|Any CPU.Build.0 = Debug|Any CPU
		{51C3BD63-327F-4E2D-9032-0C6DFE13A816}.Release|Any CPU.ActiveCfg = Release|Any CPU
		{51C3BD63-327F-4E2D-9032-0C6DFE13A816}.Release|Any CPU.Build.0 = Release|Any CPU
		{03B8664B-6604-47ED-B889-6B1DB9F0061E}.Debug|Any CPU.ActiveCfg = Debug|Any CPU
		{03B8664B-6604-47ED-B889-6B1DB9F0061E}.Debug|Any CPU.Build.0 = Debug|Any CPU
		{03B8664B-6604-47ED-B889-6B1DB9F0061E}.Release|Any CPU.ActiveCfg = Release|Any CPU
		{03B8664B-6604-47ED-B889-6B1DB9F0061E}.Release|Any CPU.Build.0 = Release|Any CPU
		{5ED59F1C-7383-41A4-84F1-A0530E5B0B63}.Debug|Any CPU.ActiveCfg = Debug|Any CPU
		{5ED59F1C-7383-41A4-84F1-A0530E5B0B63}.Debug|Any CPU.Build.0 = Debug|Any CPU
		{5ED59F1C-7383-41A4-84F1-A0530E5B0B63}.Release|Any CPU.ActiveCfg = Release|Any CPU
		{5ED59F1C-7383-41A4-84F1-A0530E5B0B63}.Release|Any CPU.Build.0 = Release|Any CPU
		{C62462B4-AE5D-4ABD-9DB6-6C4AFE9628E2}.Debug|Any CPU.ActiveCfg = Debug|Any CPU
		{C62462B4-AE5D-4ABD-9DB6-6C4AFE9628E2}.Debug|Any CPU.Build.0 = Debug|Any CPU
		{C62462B4-AE5D-4ABD-9DB6-6C4AFE9628E2}.Release|Any CPU.ActiveCfg = Release|Any CPU
		{C62462B4-AE5D-4ABD-9DB6-6C4AFE9628E2}.Release|Any CPU.Build.0 = Release|Any CPU
		{AA995B16-4134-4893-BDDE-8EA05F6AC80E}.Debug|Any CPU.ActiveCfg = Debug|Any CPU
		{AA995B16-4134-4893-BDDE-8EA05F6AC80E}.Debug|Any CPU.Build.0 = Debug|Any CPU
		{AA995B16-4134-4893-BDDE-8EA05F6AC80E}.Release|Any CPU.ActiveCfg = Release|Any CPU
		{AA995B16-4134-4893-BDDE-8EA05F6AC80E}.Release|Any CPU.Build.0 = Release|Any CPU
		{A9C41C94-CF20-40A6-B66A-577DFE6C819D}.Debug|Any CPU.ActiveCfg = Debug|Any CPU
		{A9C41C94-CF20-40A6-B66A-577DFE6C819D}.Debug|Any CPU.Build.0 = Debug|Any CPU
		{A9C41C94-CF20-40A6-B66A-577DFE6C819D}.Release|Any CPU.ActiveCfg = Release|Any CPU
		{A9C41C94-CF20-40A6-B66A-577DFE6C819D}.Release|Any CPU.Build.0 = Release|Any CPU
		{02F2264F-B3DF-47CC-B386-0B78D1B9122B}.Debug|Any CPU.ActiveCfg = Debug|Any CPU
		{02F2264F-B3DF-47CC-B386-0B78D1B9122B}.Debug|Any CPU.Build.0 = Debug|Any CPU
		{02F2264F-B3DF-47CC-B386-0B78D1B9122B}.Release|Any CPU.ActiveCfg = Release|Any CPU
		{02F2264F-B3DF-47CC-B386-0B78D1B9122B}.Release|Any CPU.Build.0 = Release|Any CPU
		{60769792-0C4E-4E36-A4F3-219548DE5E50}.Debug|Any CPU.ActiveCfg = Debug|Any CPU
		{60769792-0C4E-4E36-A4F3-219548DE5E50}.Debug|Any CPU.Build.0 = Debug|Any CPU
		{60769792-0C4E-4E36-A4F3-219548DE5E50}.Release|Any CPU.ActiveCfg = Release|Any CPU
		{60769792-0C4E-4E36-A4F3-219548DE5E50}.Release|Any CPU.Build.0 = Release|Any CPU
		{0986D8A0-98C3-4FE0-A68B-8EE6DFE1F703}.Debug|Any CPU.ActiveCfg = Debug|Any CPU
		{0986D8A0-98C3-4FE0-A68B-8EE6DFE1F703}.Debug|Any CPU.Build.0 = Debug|Any CPU
		{0986D8A0-98C3-4FE0-A68B-8EE6DFE1F703}.Release|Any CPU.ActiveCfg = Release|Any CPU
		{0986D8A0-98C3-4FE0-A68B-8EE6DFE1F703}.Release|Any CPU.Build.0 = Release|Any CPU
		{75BD7F35-04DE-4126-9B7E-B51EEEC21784}.Debug|Any CPU.ActiveCfg = Debug|Any CPU
		{75BD7F35-04DE-4126-9B7E-B51EEEC21784}.Debug|Any CPU.Build.0 = Debug|Any CPU
		{75BD7F35-04DE-4126-9B7E-B51EEEC21784}.Release|Any CPU.ActiveCfg = Release|Any CPU
		{75BD7F35-04DE-4126-9B7E-B51EEEC21784}.Release|Any CPU.Build.0 = Release|Any CPU
		{2CF9F4BC-7B10-4BD8-A811-EEE8692B3429}.Debug|Any CPU.ActiveCfg = Debug|Any CPU
		{2CF9F4BC-7B10-4BD8-A811-EEE8692B3429}.Debug|Any CPU.Build.0 = Debug|Any CPU
		{2CF9F4BC-7B10-4BD8-A811-EEE8692B3429}.Release|Any CPU.ActiveCfg = Release|Any CPU
		{2CF9F4BC-7B10-4BD8-A811-EEE8692B3429}.Release|Any CPU.Build.0 = Release|Any CPU
		{AD0BE203-4FEB-480D-AE6B-6D40ABEF06FF}.Debug|Any CPU.ActiveCfg = Debug|Any CPU
		{AD0BE203-4FEB-480D-AE6B-6D40ABEF06FF}.Debug|Any CPU.Build.0 = Debug|Any CPU
		{AD0BE203-4FEB-480D-AE6B-6D40ABEF06FF}.Release|Any CPU.ActiveCfg = Release|Any CPU
		{AD0BE203-4FEB-480D-AE6B-6D40ABEF06FF}.Release|Any CPU.Build.0 = Release|Any CPU
	EndGlobalSection
	GlobalSection(SolutionProperties) = preSolution
		HideSolutionNode = FALSE
	EndGlobalSection
	GlobalSection(ExtensibilityGlobals) = postSolution
		SolutionGuid = {BC0783E6-F491-4DF4-B066-49D4FBE03F51}
	EndGlobalSection
EndGlobal
